
Microsoft Visual Studio Solution File, Format Version 12.00
Project("{FAE04EC0-301F-11D3-BF4B-00C04F79EFBC}") = "Client", "Client\Client.csproj", "{2D507DAD-F6A4-4C10-83BB-6BC04B8FF23B}"
EndProject
Project("{FAE04EC0-301F-11D3-BF4B-00C04F79EFBC}") = "Server", "Server\Server.csproj", "{08C5E5C6-2D43-4F46-846D-05885B126453}"
EndProject
Global
	GlobalSection(SolutionConfigurationPlatforms) = preSolution
		Debug|Any CPU = Debug|Any CPU
		Release|Any CPU = Release|Any CPU
	EndGlobalSection
	GlobalSection(ProjectConfigurationPlatforms) = postSolution
		{2D507DAD-F6A4-4C10-83BB-6BC04B8FF23B}.Debug|Any CPU.ActiveCfg = Debug|Any CPU
		{2D507DAD-F6A4-4C10-83BB-6BC04B8FF23B}.Debug|Any CPU.Build.0 = Debug|Any CPU
		{2D507DAD-F6A4-4C10-83BB-6BC04B8FF23B}.Release|Any CPU.ActiveCfg = Release|Any CPU
		{2D507DAD-F6A4-4C10-83BB-6BC04B8FF23B}.Release|Any CPU.Build.0 = Release|Any CPU
		{08C5E5C6-2D43-4F46-846D-05885B126453}.Debug|Any CPU.ActiveCfg = Debug|Any CPU
		{08C5E5C6-2D43-4F46-846D-05885B126453}.Debug|Any CPU.Build.0 = Debug|Any CPU
		{08C5E5C6-2D43-4F46-846D-05885B126453}.Release|Any CPU.ActiveCfg = Release|Any CPU
		{08C5E5C6-2D43-4F46-846D-05885B126453}.Release|Any CPU.Build.0 = Release|Any CPU
	EndGlobalSection
EndGlobal
